
Microsoft Visual Studio Solution File, Format Version 12.00
# Visual Studio 15
VisualStudioVersion = 15.0.28307.168
MinimumVisualStudioVersion = 10.0.40219.1
Project("{FAE04EC0-301F-11D3-BF4B-00C04F79EFBC}") = "Ejercicio 1", "Ejercicio 1\Ejercicio 1.csproj", "{6F2D3F9F-D1CA-48DB-840A-E6E1C8CB97EB}"
EndProject
Global
	GlobalSection(SolutionConfigurationPlatforms) = preSolution
		Debug|Any CPU = Debug|Any CPU
		Release|Any CPU = Release|Any CPU
	EndGlobalSection
	GlobalSection(ProjectConfigurationPlatforms) = postSolution
		{6F2D3F9F-D1CA-48DB-840A-E6E1C8CB97EB}.Debug|Any CPU.ActiveCfg = Debug|Any CPU
		{6F2D3F9F-D1CA-48DB-840A-E6E1C8CB97EB}.Debug|Any CPU.Build.0 = Debug|Any CPU
		{6F2D3F9F-D1CA-48DB-840A-E6E1C8CB97EB}.Release|Any CPU.ActiveCfg = Release|Any CPU
		{6F2D3F9F-D1CA-48DB-840A-E6E1C8CB97EB}.Release|Any CPU.Build.0 = Release|Any CPU
	EndGlobalSection
	GlobalSection(SolutionProperties) = preSolution
		HideSolutionNode = FALSE
	EndGlobalSection
	GlobalSection(ExtensibilityGlobals) = postSolution
		SolutionGuid = {75D43386-410B-44AC-B0F9-ECB629DA185B}
	EndGlobalSection
EndGlobal
